
Microsoft Visual Studio Solution File, Format Version 12.00
# Visual Studio Version 16
VisualStudioVersion = 16.0.32510.428
MinimumVisualStudioVersion = 10.0.40219.1
Project("{8BC9CEB8-8B4A-11D0-8D11-00A0C91BC942}") = "1.1 c源代码示例", "1.1 c源代码示例\1.1 c源代码示例.vcxproj", "{8640B731-98AE-4AF4-9F14-0005579524F5}"
EndProject
Project("{8BC9CEB8-8B4A-11D0-8D11-00A0C91BC942}") = "1.2 c程序", "1.2 c\1.2 c.vcxproj", "{DB867378-23F2-485A-AF89-DA8D5FF9FB99}"
EndProject
Project("{8BC9CEB8-8B4A-11D0-8D11-00A0C91BC942}") = "2.1 first.c程序", "2.1 first.c程序\2.1 first.c程序.vcxproj", "{85884F46-6A5F-439C-BA98-D26016D09F4B}"
EndProject
Project("{8BC9CEB8-8B4A-11D0-8D11-00A0C91BC942}") = "2.2", "2.2\2.2.vcxproj", "{8B2586E6-C99D-4EC5-B643-25837A6BC07F}"
EndProject
Project("{8BC9CEB8-8B4A-11D0-8D11-00A0C91BC942}") = "2.3", "2.3\2.3.vcxproj", "{26EEB54A-6483-432E-AC5B-DC96168E21FC}"
EndProject
Project("{8BC9CEB8-8B4A-11D0-8D11-00A0C91BC942}") = "2.12（1）", "2.12（1）\2.12（1）.vcxproj", "{A2ACD933-2072-49B1-9BDB-63598284C5DA}"
EndProject
Project("{8BC9CEB8-8B4A-11D0-8D11-00A0C91BC942}") = "2.12（2）", "2.12（2）\2.12（2）.vcxproj", "{49E4F278-8893-437E-A2EE-72BF076F01A8}"
EndProject
Project("{8BC9CEB8-8B4A-11D0-8D11-00A0C91BC942}") = "2.12（3）", "2.12（3）\2.12（3）.vcxproj", "{F9B97D46-BFBC-4E56-8929-E9A813102D82}"
EndProject
Project("{8BC9CEB8-8B4A-11D0-8D11-00A0C91BC942}") = "2.12（4）", "2.12（4）\2.12（4）.vcxproj", "{9D42CD9B-8180-466F-A07E-3F5D07F277CF}"
EndProject
Project("{8BC9CEB8-8B4A-11D0-8D11-00A0C91BC942}") = "2.12（5）", "2.12（5）\2.12（5）.vcxproj", "{7075411F-894C-4174-8367-B71B3F04DF18}"
EndProject
Project("{8BC9CEB8-8B4A-11D0-8D11-00A0C91BC942}") = "2.12（6）", "2.12（6）\2.12（6）.vcxproj", "{2B8AC3DF-A0B5-439F-9B36-E6862A07EFD6}"
EndProject
Project("{8BC9CEB8-8B4A-11D0-8D11-00A0C91BC942}") = "2.12（7）", "2.12（7）\2.12（7）.vcxproj", "{29D33D94-7F54-4A4F-9944-521073F88F0C}"
EndProject
Project("{8BC9CEB8-8B4A-11D0-8D11-00A0C91BC942}") = "2.12（8）", "2.12（8）\2.12（8）.vcxproj", "{756E19F6-DFCF-496E-B424-84C107B99270}"
EndProject
Project("{8BC9CEB8-8B4A-11D0-8D11-00A0C91BC942}") = "3.1", "3.1\3.1.vcxproj", "{77915411-7EAC-47A1-8293-CD218385CFA7}"
EndProject
Project("{8BC9CEB8-8B4A-11D0-8D11-00A0C91BC942}") = "3.2", "3.2\3.2.vcxproj", "{0F9CC70D-46BB-4A28-8639-7DAF0F2540E1}"
EndProject
Project("{8BC9CEB8-8B4A-11D0-8D11-00A0C91BC942}") = "3.3", "3.3\3.3.vcxproj", "{787A4D18-CFC2-43BA-B433-696099F4A8EB}"
EndProject
Project("{8BC9CEB8-8B4A-11D0-8D11-00A0C91BC942}") = "3.5", "3.5\3.5.vcxproj", "{4E6EE815-A23B-4579-89C4-2BD2FDE78C5B}"
EndProject
Global
	GlobalSection(SolutionConfigurationPlatforms) = preSolution
		Debug|x64 = Debug|x64
		Debug|x86 = Debug|x86
		Release|x64 = Release|x64
		Release|x86 = Release|x86
	EndGlobalSection
	GlobalSection(ProjectConfigurationPlatforms) = postSolution
		{8640B731-98AE-4AF4-9F14-0005579524F5}.Debug|x64.ActiveCfg = Debug|x64
		{8640B731-98AE-4AF4-9F14-0005579524F5}.Debug|x64.Build.0 = Debug|x64
		{8640B731-98AE-4AF4-9F14-0005579524F5}.Debug|x86.ActiveCfg = Debug|Win32
		{8640B731-98AE-4AF4-9F14-0005579524F5}.Debug|x86.Build.0 = Debug|Win32
		{8640B731-98AE-4AF4-9F14-0005579524F5}.Release|x64.ActiveCfg = Release|x64
		{8640B731-98AE-4AF4-9F14-0005579524F5}.Release|x64.Build.0 = Release|x64
		{8640B731-98AE-4AF4-9F14-0005579524F5}.Release|x86.ActiveCfg = Release|Win32
		{8640B731-98AE-4AF4-9F14-0005579524F5}.Release|x86.Build.0 = Release|Win32
		{DB867378-23F2-485A-AF89-DA8D5FF9FB99}.Debug|x64.ActiveCfg = Debug|x64
		{DB867378-23F2-485A-AF89-DA8D5FF9FB99}.Debug|x64.Build.0 = Debug|x64
		{DB867378-23F2-485A-AF89-DA8D5FF9FB99}.Debug|x86.ActiveCfg = Debug|Win32
		{DB867378-23F2-485A-AF89-DA8D5FF9FB99}.Debug|x86.Build.0 = Debug|Win32
		{DB867378-23F2-485A-AF89-DA8D5FF9FB99}.Release|x64.ActiveCfg = Release|x64
		{DB867378-23F2-485A-AF89-DA8D5FF9FB99}.Release|x64.Build.0 = Release|x64
		{DB867378-23F2-485A-AF89-DA8D5FF9FB99}.Release|x86.ActiveCfg = Release|Win32
		{DB867378-23F2-485A-AF89-DA8D5FF9FB99}.Release|x86.Build.0 = Release|Win32
		{85884F46-6A5F-439C-BA98-D26016D09F4B}.Debug|x64.ActiveCfg = Debug|x64
		{85884F46-6A5F-439C-BA98-D26016D09F4B}.Debug|x64.Build.0 = Debug|x64
		{85884F46-6A5F-439C-BA98-D26016D09F4B}.Debug|x86.ActiveCfg = Debug|Win32
		{85884F46-6A5F-439C-BA98-D26016D09F4B}.Debug|x86.Build.0 = Debug|Win32
		{85884F46-6A5F-439C-BA98-D26016D09F4B}.Release|x64.ActiveCfg = Release|x64
		{85884F46-6A5F-439C-BA98-D26016D09F4B}.Release|x64.Build.0 = Release|x64
		{85884F46-6A5F-439C-BA98-D26016D09F4B}.Release|x86.ActiveCfg = Release|Win32
		{85884F46-6A5F-439C-BA98-D26016D09F4B}.Release|x86.Build.0 = Release|Win32
		{8B2586E6-C99D-4EC5-B643-25837A6BC07F}.Debug|x64.ActiveCfg = Debug|x64
		{8B2586E6-C99D-4EC5-B643-25837A6BC07F}.Debug|x64.Build.0 = Debug|x64
		{8B2586E6-C99D-4EC5-B643-25837A6BC07F}.Debug|x86.ActiveCfg = Debug|Win32
		{8B2586E6-C99D-4EC5-B643-25837A6BC07F}.Debug|x86.Build.0 = Debug|Win32
		{8B2586E6-C99D-4EC5-B643-25837A6BC07F}.Release|x64.ActiveCfg = Release|x64
		{8B2586E6-C99D-4EC5-B643-25837A6BC07F}.Release|x64.Build.0 = Release|x64
		{8B2586E6-C99D-4EC5-B643-25837A6BC07F}.Release|x86.ActiveCfg = Release|Win32
		{8B2586E6-C99D-4EC5-B643-25837A6BC07F}.Release|x86.Build.0 = Release|Win32
		{26EEB54A-6483-432E-AC5B-DC96168E21FC}.Debug|x64.ActiveCfg = Debug|x64
		{26EEB54A-6483-432E-AC5B-DC96168E21FC}.Debug|x64.Build.0 = Debug|x64
		{26EEB54A-6483-432E-AC5B-DC96168E21FC}.Debug|x86.ActiveCfg = Debug|Win32
		{26EEB54A-6483-432E-AC5B-DC96168E21FC}.Debug|x86.Build.0 = Debug|Win32
		{26EEB54A-6483-432E-AC5B-DC96168E21FC}.Release|x64.ActiveCfg = Release|x64
		{26EEB54A-6483-432E-AC5B-DC96168E21FC}.Release|x64.Build.0 = Release|x64
		{26EEB54A-6483-432E-AC5B-DC96168E21FC}.Release|x86.ActiveCfg = Release|Win32
		{26EEB54A-6483-432E-AC5B-DC96168E21FC}.Release|x86.Build.0 = Release|Win32
		{A2ACD933-2072-49B1-9BDB-63598284C5DA}.Debug|x64.ActiveCfg = Debug|x64
		{A2ACD933-2072-49B1-9BDB-63598284C5DA}.Debug|x64.Build.0 = Debug|x64
		{A2ACD933-2072-49B1-9BDB-63598284C5DA}.Debug|x86.ActiveCfg = Debug|Win32
		{A2ACD933-2072-49B1-9BDB-63598284C5DA}.Debug|x86.Build.0 = Debug|Win32
		{A2ACD933-2072-49B1-9BDB-63598284C5DA}.Release|x64.ActiveCfg = Release|x64
		{A2ACD933-2072-49B1-9BDB-63598284C5DA}.Release|x64.Build.0 = Release|x64
		{A2ACD933-2072-49B1-9BDB-63598284C5DA}.Release|x86.ActiveCfg = Release|Win32
		{A2ACD933-2072-49B1-9BDB-63598284C5DA}.Release|x86.Build.0 = Release|Win32
		{49E4F278-8893-437E-A2EE-72BF076F01A8}.Debug|x64.ActiveCfg = Debug|x64
		{49E4F278-8893-437E-A2EE-72BF076F01A8}.Debug|x64.Build.0 = Debug|x64
		{49E4F278-8893-437E-A2EE-72BF076F01A8}.Debug|x86.ActiveCfg = Debug|Win32
		{49E4F278-8893-437E-A2EE-72BF076F01A8}.Debug|x86.Build.0 = Debug|Win32
		{49E4F278-8893-437E-A2EE-72BF076F01A8}.Release|x64.ActiveCfg = Release|x64
		{49E4F278-8893-437E-A2EE-72BF076F01A8}.Release|x64.Build.0 = Release|x64
		{49E4F278-8893-437E-A2EE-72BF076F01A8}.Release|x86.ActiveCfg = Release|Win32
		{49E4F278-8893-437E-A2EE-72BF076F01A8}.Release|x86.Build.0 = Release|Win32
		{F9B97D46-BFBC-4E56-8929-E9A813102D82}.Debug|x64.ActiveCfg = Debug|x64
		{F9B97D46-BFBC-4E56-8929-E9A813102D82}.Debug|x64.Build.0 = Debug|x64
		{F9B97D46-BFBC-4E56-8929-E9A813102D82}.Debug|x86.ActiveCfg = Debug|Win32
		{F9B97D46-BFBC-4E56-8929-E9A813102D82}.Debug|x86.Build.0 = Debug|Win32
		{F9B97D46-BFBC-4E56-8929-E9A813102D82}.Release|x64.ActiveCfg = Release|x64
		{F9B97D46-BFBC-4E56-8929-E9A813102D82}.Release|x64.Build.0 = Release|x64
		{F9B97D46-BFBC-4E56-8929-E9A813102D82}.Release|x86.ActiveCfg = Release|Win32
		{F9B97D46-BFBC-4E56-8929-E9A813102D82}.Release|x86.Build.0 = Release|Win32
		{9D42CD9B-8180-466F-A07E-3F5D07F277CF}.Debug|x64.ActiveCfg = Debug|x64
		{9D42CD9B-8180-466F-A07E-3F5D07F277CF}.Debug|x64.Build.0 = Debug|x64
		{9D42CD9B-8180-466F-A07E-3F5D07F277CF}.Debug|x86.ActiveCfg = Debug|Win32
		{9D42CD9B-8180-466F-A07E-3F5D07F277CF}.Debug|x86.Build.0 = Debug|Win32
		{9D42CD9B-8180-466F-A07E-3F5D07F277CF}.Release|x64.ActiveCfg = Release|x64
		{9D42CD9B-8180-466F-A07E-3F5D07F277CF}.Release|x64.Build.0 = Release|x64
		{9D42CD9B-8180-466F-A07E-3F5D07F277CF}.Release|x86.ActiveCfg = Release|Win32
		{9D42CD9B-8180-466F-A07E-3F5D07F277CF}.Release|x86.Build.0 = Release|Win32
		{7075411F-894C-4174-8367-B71B3F04DF18}.Debug|x64.ActiveCfg = Debug|x64
		{7075411F-894C-4174-8367-B71B3F04DF18}.Debug|x64.Build.0 = Debug|x64
		{7075411F-894C-4174-8367-B71B3F04DF18}.Debug|x86.ActiveCfg = Debug|Win32
		{7075411F-894C-4174-8367-B71B3F04DF18}.Debug|x86.Build.0 = Debug|Win32
		{7075411F-894C-4174-8367-B71B3F04DF18}.Release|x64.ActiveCfg = Release|x64
		{7075411F-894C-4174-8367-B71B3F04DF18}.Release|x64.Build.0 = Release|x64
		{7075411F-894C-4174-8367-B71B3F04DF18}.Release|x86.ActiveCfg = Release|Win32
		{7075411F-894C-4174-8367-B71B3F04DF18}.Release|x86.Build.0 = Release|Win32
		{2B8AC3DF-A0B5-439F-9B36-E6862A07EFD6}.Debug|x64.ActiveCfg = Debug|x64
		{2B8AC3DF-A0B5-439F-9B36-E6862A07EFD6}.Debug|x64.Build.0 = Debug|x64
		{2B8AC3DF-A0B5-439F-9B36-E6862A07EFD6}.Debug|x86.ActiveCfg = Debug|Win32
		{2B8AC3DF-A0B5-439F-9B36-E6862A07EFD6}.Debug|x86.Build.0 = Debug|Win32
		{2B8AC3DF-A0B5-439F-9B36-E6862A07EFD6}.Release|x64.ActiveCfg = Release|x64
		{2B8AC3DF-A0B5-439F-9B36-E6862A07EFD6}.Release|x64.Build.0 = Release|x64
		{2B8AC3DF-A0B5-439F-9B36-E6862A07EFD6}.Release|x86.ActiveCfg = Release|Win32
		{2B8AC3DF-A0B5-439F-9B36-E6862A07EFD6}.Release|x86.Build.0 = Release|Win32
		{29D33D94-7F54-4A4F-9944-521073F88F0C}.Debug|x64.ActiveCfg = Debug|x64
		{29D33D94-7F54-4A4F-9944-521073F88F0C}.Debug|x64.Build.0 = Debug|x64
		{29D33D94-7F54-4A4F-9944-521073F88F0C}.Debug|x86.ActiveCfg = Debug|Win32
		{29D33D94-7F54-4A4F-9944-521073F88F0C}.Debug|x86.Build.0 = Debug|Win32
		{29D33D94-7F54-4A4F-9944-521073F88F0C}.Release|x64.ActiveCfg = Release|x64
		{29D33D94-7F54-4A4F-9944-521073F88F0C}.Release|x64.Build.0 = Release|x64
		{29D33D94-7F54-4A4F-9944-521073F88F0C}.Release|x86.ActiveCfg = Release|Win32
		{29D33D94-7F54-4A4F-9944-521073F88F0C}.Release|x86.Build.0 = Release|Win32
		{756E19F6-DFCF-496E-B424-84C107B99270}.Debug|x64.ActiveCfg = Debug|x64
		{756E19F6-DFCF-496E-B424-84C107B99270}.Debug|x64.Build.0 = Debug|x64
		{756E19F6-DFCF-496E-B424-84C107B99270}.Debug|x86.ActiveCfg = Debug|Win32
		{756E19F6-DFCF-496E-B424-84C107B99270}.Debug|x86.Build.0 = Debug|Win32
		{756E19F6-DFCF-496E-B424-84C107B99270}.Release|x64.ActiveCfg = Release|x64
		{756E19F6-DFCF-496E-B424-84C107B99270}.Release|x64.Build.0 = Release|x64
		{756E19F6-DFCF-496E-B424-84C107B99270}.Release|x86.ActiveCfg = Release|Win32
		{756E19F6-DFCF-496E-B424-84C107B99270}.Release|x86.Build.0 = Release|Win32
		{77915411-7EAC-47A1-8293-CD218385CFA7}.Debug|x64.ActiveCfg = Debug|x64
		{77915411-7EAC-47A1-8293-CD218385CFA7}.Debug|x64.Build.0 = Debug|x64
		{77915411-7EAC-47A1-8293-CD218385CFA7}.Debug|x86.ActiveCfg = Debug|Win32
		{77915411-7EAC-47A1-8293-CD218385CFA7}.Debug|x86.Build.0 = Debug|Win32
		{77915411-7EAC-47A1-8293-CD218385CFA7}.Release|x64.ActiveCfg = Release|x64
		{77915411-7EAC-47A1-8293-CD218385CFA7}.Release|x64.Build.0 = Release|x64
		{77915411-7EAC-47A1-8293-CD218385CFA7}.Release|x86.ActiveCfg = Release|Win32
		{77915411-7EAC-47A1-8293-CD218385CFA7}.Release|x86.Build.0 = Release|Win32
		{0F9CC70D-46BB-4A28-8639-7DAF0F2540E1}.Debug|x64.ActiveCfg = Debug|x64
		{0F9CC70D-46BB-4A28-8639-7DAF0F2540E1}.Debug|x64.Build.0 = Debug|x64
		{0F9CC70D-46BB-4A28-8639-7DAF0F2540E1}.Debug|x86.ActiveCfg = Debug|Win32
		{0F9CC70D-46BB-4A28-8639-7DAF0F2540E1}.Debug|x86.Build.0 = Debug|Win32
		{0F9CC70D-46BB-4A28-8639-7DAF0F2540E1}.Release|x64.ActiveCfg = Release|x64
		{0F9CC70D-46BB-4A28-8639-7DAF0F2540E1}.Release|x64.Build.0 = Release|x64
		{0F9CC70D-46BB-4A28-8639-7DAF0F2540E1}.Release|x86.ActiveCfg = Release|Win32
		{0F9CC70D-46BB-4A28-8639-7DAF0F2540E1}.Release|x86.Build.0 = Release|Win32
		{787A4D18-CFC2-43BA-B433-696099F4A8EB}.Debug|x64.ActiveCfg = Debug|x64
		{787A4D18-CFC2-43BA-B433-696099F4A8EB}.Debug|x64.Build.0 = Debug|x64
		{787A4D18-CFC2-43BA-B433-696099F4A8EB}.Debug|x86.ActiveCfg = Debug|Win32
		{787A4D18-CFC2-43BA-B433-696099F4A8EB}.Debug|x86.Build.0 = Debug|Win32
		{787A4D18-CFC2-43BA-B433-696099F4A8EB}.Release|x64.ActiveCfg = Release|x64
		{787A4D18-CFC2-43BA-B433-696099F4A8EB}.Release|x64.Build.0 = Release|x64
		{787A4D18-CFC2-43BA-B433-696099F4A8EB}.Release|x86.ActiveCfg = Release|Win32
		{787A4D18-CFC2-43BA-B433-696099F4A8EB}.Release|x86.Build.0 = Release|Win32
		{4E6EE815-A23B-4579-89C4-2BD2FDE78C5B}.Debug|x64.ActiveCfg = Debug|x64
		{4E6EE815-A23B-4579-89C4-2BD2FDE78C5B}.Debug|x64.Build.0 = Debug|x64
		{4E6EE815-A23B-4579-89C4-2BD2FDE78C5B}.Debug|x86.ActiveCfg = Debug|Win32
		{4E6EE815-A23B-4579-89C4-2BD2FDE78C5B}.Debug|x86.Build.0 = Debug|Win32
		{4E6EE815-A23B-4579-89C4-2BD2FDE78C5B}.Release|x64.ActiveCfg = Release|x64
		{4E6EE815-A23B-4579-89C4-2BD2FDE78C5B}.Release|x64.Build.0 = Release|x64
		{4E6EE815-A23B-4579-89C4-2BD2FDE78C5B}.Release|x86.ActiveCfg = Release|Win32
		{4E6EE815-A23B-4579-89C4-2BD2FDE78C5B}.Release|x86.Build.0 = Release|Win32
	EndGlobalSection
	GlobalSection(SolutionProperties) = preSolution
		HideSolutionNode = FALSE
	EndGlobalSection
	GlobalSection(ExtensibilityGlobals) = postSolution
		SolutionGuid = {4F32071C-88F1-4225-8828-E481B34AE8C1}
	EndGlobalSection
EndGlobal
